
Microsoft Visual Studio Solution File, Format Version 12.00
# Visual Studio 2013
VisualStudioVersion = 12.0.31101.0
MinimumVisualStudioVersion = 10.0.40219.1
Project("{FAE04EC0-301F-11D3-BF4B-00C04F79EFBC}") = "EngineFactoryExample", "EngineFactoryExample\EngineFactoryExample.csproj", "{CCFB2194-2B4D-47E8-98A3-FA28EF676BF0}"
EndProject
Project("{FAE04EC0-301F-11D3-BF4B-00C04F79EFBC}") = "EngineFactoryExampleTests", "EngineFactoryExampleTests\EngineFactoryExampleTests.csproj", "{BBAE8BC3-FDB4-48FF-B712-EC5A48222F8E}"
EndProject
Global
	GlobalSection(SolutionConfigurationPlatforms) = preSolution
		Debug|Any CPU = Debug|Any CPU
		Release|Any CPU = Release|Any CPU
	EndGlobalSection
	GlobalSection(ProjectConfigurationPlatforms) = postSolution
		{CCFB2194-2B4D-47E8-98A3-FA28EF676BF0}.Debug|Any CPU.ActiveCfg = Debug|Any CPU
		{CCFB2194-2B4D-47E8-98A3-FA28EF676BF0}.Debug|Any CPU.Build.0 = Debug|Any CPU
		{CCFB2194-2B4D-47E8-98A3-FA28EF676BF0}.Release|Any CPU.ActiveCfg = Release|Any CPU
		{CCFB2194-2B4D-47E8-98A3-FA28EF676BF0}.Release|Any CPU.Build.0 = Release|Any CPU
		{BBAE8BC3-FDB4-48FF-B712-EC5A48222F8E}.Debug|Any CPU.ActiveCfg = Debug|Any CPU
		{BBAE8BC3-FDB4-48FF-B712-EC5A48222F8E}.Debug|Any CPU.Build.0 = Debug|Any CPU
		{BBAE8BC3-FDB4-48FF-B712-EC5A48222F8E}.Release|Any CPU.ActiveCfg = Release|Any CPU
		{BBAE8BC3-FDB4-48FF-B712-EC5A48222F8E}.Release|Any CPU.Build.0 = Release|Any CPU
	EndGlobalSection
	GlobalSection(SolutionProperties) = preSolution
		HideSolutionNode = FALSE
	EndGlobalSection
EndGlobal
